
Microsoft Visual Studio Solution File, Format Version 12.00
# Visual Studio 15
VisualStudioVersion = 15.0.28010.2050
MinimumVisualStudioVersion = 10.0.40219.1
Project("{9A19103F-16F7-4668-BE54-9A1E7A4F7556}") = "TimeTracker", "TimeTracker.csproj", "{63CC12A8-7330-4BC0-8D44-477A89E736FA}"
EndProject
Global
	GlobalSection(SolutionConfigurationPlatforms) = preSolution
		Debug|Any CPU = Debug|Any CPU
		Release|Any CPU = Release|Any CPU
	EndGlobalSection
	GlobalSection(ProjectConfigurationPlatforms) = postSolution
		{63CC12A8-7330-4BC0-8D44-477A89E736FA}.Debug|Any CPU.ActiveCfg = Debug|Any CPU
		{63CC12A8-7330-4BC0-8D44-477A89E736FA}.Debug|Any CPU.Build.0 = Debug|Any CPU
		{63CC12A8-7330-4BC0-8D44-477A89E736FA}.Release|Any CPU.ActiveCfg = Release|Any CPU
		{63CC12A8-7330-4BC0-8D44-477A89E736FA}.Release|Any CPU.Build.0 = Release|Any CPU
	EndGlobalSection
	GlobalSection(SolutionProperties) = preSolution
		HideSolutionNode = FALSE
	EndGlobalSection
	GlobalSection(ExtensibilityGlobals) = postSolution
		SolutionGuid = {7003345E-B391-4561-90BE-2B2110CC7290}
	EndGlobalSection
EndGlobal
